// !$*UTF8*$!
{
	archiveVersion = 1;
	classes = {
	};
	objectVersion = 50;
	objects = {

/* Begin PBXBuildFile section */
		D70D8A4A2524963A00BEF23C /* Снимок экрана 2020-09-30 в 13.25.07.png in Resources */ = {isa = PBXBuildFile; fileRef = D70D8A482524963A00BEF23C /* Снимок экрана 2020-09-30 в 13.25.07.png */; };
		D70D8A4B2524963A00BEF23C /* Снимок экрана 2020-09-30 в 13.24.59.png in Resources */ = {isa = PBXBuildFile; fileRef = D70D8A492524963A00BEF23C /* Снимок экрана 2020-09-30 в 13.24.59.png */; };
		D7ABBB19251BBDA70063414D /* AppDelegate.swift in Sources */ = {isa = PBXBuildFile; fileRef = D7ABBB18251BBDA70063414D /* AppDelegate.swift */; };
		D7ABBB1B251BBDA70063414D /* art.scnassets in Resources */ = {isa = PBXBuildFile; fileRef = D7ABBB1A251BBDA70063414D /* art.scnassets */; };
		D7ABBB1D251BBDA70063414D /* GameViewController.swift in Sources */ = {isa = PBXBuildFile; fileRef = D7ABBB1C251BBDA70063414D /* GameViewController.swift */; };
		D7ABBB20251BBDA70063414D /* Main.storyboard in Resources */ = {isa = PBXBuildFile; fileRef = D7ABBB1E251BBDA70063414D /* Main.storyboard */; };
		D7ABBB22251BBDA90063414D /* Assets.xcassets in Resources */ = {isa = PBXBuildFile; fileRef = D7ABBB21251BBDA90063414D /* Assets.xcassets */; };
/* End PBXBuildFile section */

/* Begin PBXFileReference section */
		D70D8A482524963A00BEF23C /* Снимок экрана 2020-09-30 в 13.25.07.png */ = {isa = PBXFileReference; lastKnownFileType = image.png; path = "Снимок экрана 2020-09-30 в 13.25.07.png"; sourceTree = "<group>"; };
		D70D8A492524963A00BEF23C /* Снимок экрана 2020-09-30 в 13.24.59.png */ = {isa = PBXFileReference; lastKnownFileType = image.png; path = "Снимок экрана 2020-09-30 в 13.24.59.png"; sourceTree = "<group>"; };
		D7ABBB15251BBDA70063414D /* MDA_Game.app */ = {isa = PBXFileReference; explicitFileType = wrapper.application; includeInIndex = 0; path = MDA_Game.app; sourceTree = BUILT_PRODUCTS_DIR; };
		D7ABBB18251BBDA70063414D /* AppDelegate.swift */ = {isa = PBXFileReference; lastKnownFileType = sourcecode.swift; path = AppDelegate.swift; sourceTree = "<group>"; };
		D7ABBB1A251BBDA70063414D /* art.scnassets */ = {isa = PBXFileReference; lastKnownFileType = wrapper.scnassets; path = art.scnassets; sourceTree = "<group>"; };
		D7ABBB1C251BBDA70063414D /* GameViewController.swift */ = {isa = PBXFileReference; lastKnownFileType = sourcecode.swift; path = GameViewController.swift; sourceTree = "<group>"; };
		D7ABBB1F251BBDA70063414D /* Base */ = {isa = PBXFileReference; lastKnownFileType = file.storyboard; name = Base; path = Base.lproj/Main.storyboard; sourceTree = "<group>"; };
		D7ABBB21251BBDA90063414D /* Assets.xcassets */ = {isa = PBXFileReference; lastKnownFileType = folder.assetcatalog; path = Assets.xcassets; sourceTree = "<group>"; };
		D7ABBB23251BBDA90063414D /* Info.plist */ = {isa = PBXFileReference; lastKnownFileType = text.plist.xml; path = Info.plist; sourceTree = "<group>"; };
/* End PBXFileReference section */

/* Begin PBXFrameworksBuildPhase section */
		D7ABBB12251BBDA70063414D /* Frameworks */ = {
			isa = PBXFrameworksBuildPhase;
			buildActionMask = 2147483647;
			files = (
			);
			runOnlyForDeploymentPostprocessing = 0;
		};
/* End PBXFrameworksBuildPhase section */

/* Begin PBXGroup section */
		D70D8A472524960800BEF23C /* Screenshots */ = {
			isa = PBXGroup;
			children = (
				D70D8A492524963A00BEF23C /* Снимок экрана 2020-09-30 в 13.24.59.png */,
				D70D8A482524963A00BEF23C /* Снимок экрана 2020-09-30 в 13.25.07.png */,
			);
			path = Screenshots;
			sourceTree = "<group>";
		};
		D7ABBB0C251BBDA70063414D = {
			isa = PBXGroup;
			children = (
				D7ABBB17251BBDA70063414D /* MDA_Game */,
				D7ABBB16251BBDA70063414D /* Products */,
			);
			sourceTree = "<group>";
		};
		D7ABBB16251BBDA70063414D /* Products */ = {
			isa = PBXGroup;
			children = (
				D7ABBB15251BBDA70063414D /* MDA_Game.app */,
			);
			name = Products;
			sourceTree = "<group>";
		};
		D7ABBB17251BBDA70063414D /* MDA_Game */ = {
			isa = PBXGroup;
			children = (
				D7ABBB18251BBDA70063414D /* AppDelegate.swift */,
				D7ABBB1A251BBDA70063414D /* art.scnassets */,
				D7ABBB21251BBDA90063414D /* Assets.xcassets */,
				D7ABBB1C251BBDA70063414D /* GameViewController.swift */,
				D7ABBB23251BBDA90063414D /* Info.plist */,
				D7ABBB1E251BBDA70063414D /* Main.storyboard */,
				D70D8A472524960800BEF23C /* Screenshots */,
			);
			path = MDA_Game;
			sourceTree = "<group>";
		};
/* End PBXGroup section */

/* Begin PBXNativeTarget section */
		D7ABBB14251BBDA70063414D /* MDA_Game */ = {
			isa = PBXNativeTarget;
			buildConfigurationList = D7ABBB26251BBDA90063414D /* Build configuration list for PBXNativeTarget "MDA_Game" */;
			buildPhases = (
				D7ABBB11251BBDA70063414D /* Sources */,
				D7ABBB12251BBDA70063414D /* Frameworks */,
				D7ABBB13251BBDA70063414D /* Resources */,
			);
			buildRules = (
			);
			dependencies = (
			);
			name = MDA_Game;
			productName = MDA_Game;
			productReference = D7ABBB15251BBDA70063414D /* MDA_Game.app */;
			productType = "com.apple.product-type.application";
		};
/* End PBXNativeTarget section */

/* Begin PBXProject section */
		D7ABBB0D251BBDA70063414D /* Project object */ = {
			isa = PBXProject;
			attributes = {
				LastSwiftUpdateCheck = 1200;
				LastUpgradeCheck = 1200;
				TargetAttributes = {
					D7ABBB14251BBDA70063414D = {
						CreatedOnToolsVersion = 12.0;
					};
				};
			};
			buildConfigurationList = D7ABBB10251BBDA70063414D /* Build configuration list for PBXProject "MDA_Game" */;
			compatibilityVersion = "Xcode 9.3";
			developmentRegion = en;
			hasScannedForEncodings = 0;
			knownRegions = (
				en,
				Base,
			);
			mainGroup = D7ABBB0C251BBDA70063414D;
			productRefGroup = D7ABBB16251BBDA70063414D /* Products */;
			projectDirPath = "";
			projectRoot = "";
			targets = (
				D7ABBB14251BBDA70063414D /* MDA_Game */,
			);
		};
/* End PBXProject section */

/* Begin PBXResourcesBuildPhase section */
		D7ABBB13251BBDA70063414D /* Resources */ = {
			isa = PBXResourcesBuildPhase;
			buildActionMask = 2147483647;
			files = (
				D70D8A4B2524963A00BEF23C /* Снимок экрана 2020-09-30 в 13.24.59.png in Resources */,
				D7ABBB1B251BBDA70063414D /* art.scnassets in Resources */,
				D7ABBB22251BBDA90063414D /* Assets.xcassets in Resources */,
				D70D8A4A2524963A00BEF23C /* Снимок экрана 2020-09-30 в 13.25.07.png in Resources */,
				D7ABBB20251BBDA70063414D /* Main.storyboard in Resources */,
			);
			runOnlyForDeploymentPostprocessing = 0;
		};
/* End PBXResourcesBuildPhase section */

/* Begin PBXSourcesBuildPhase section */
		D7ABBB11251BBDA70063414D /* Sources */ = {
			isa = PBXSourcesBuildPhase;
			buildActionMask = 2147483647;
			files = (
				D7ABBB1D251BBDA70063414D /* GameViewController.swift in Sources */,
				D7ABBB19251BBDA70063414D /* AppDelegate.swift in Sources */,
			);
			runOnlyForDeploymentPostprocessing = 0;
		};
/* End PBXSourcesBuildPhase section */

/* Begin PBXVariantGroup section */
		D7ABBB1E251BBDA70063414D /* Main.storyboard */ = {
			isa = PBXVariantGroup;
			children = (
				D7ABBB1F251BBDA70063414D /* Base */,
			);
			name = Main.storyboard;
			sourceTree = "<group>";
		};
/* End PBXVariantGroup section */

/* Begin XCBuildConfiguration section */
		D7ABBB24251BBDA90063414D /* Debug */ = {
			isa = XCBuildConfiguration;
			buildSettings = {
				ALWAYS_SEARCH_USER_PATHS = NO;
				CLANG_ANALYZER_NONNULL = YES;
				CLANG_ANALYZER_NUMBER_OBJECT_CONVERSION = YES_AGGRESSIVE;
				CLANG_CXX_LANGUAGE_STANDARD = "gnu++14";
				CLANG_CXX_LIBRARY = "libc++";
				CLANG_ENABLE_MODULES = YES;
				CLANG_ENABLE_OBJC_ARC = YES;
				CLANG_ENABLE_OBJC_WEAK = YES;
				CLANG_WARN_BLOCK_CAPTURE_AUTORELEASING = YES;
				CLANG_WARN_BOOL_CONVERSION = YES;
				CLANG_WARN_COMMA = YES;
				CLANG_WARN_CONSTANT_CONVERSION = YES;
				CLANG_WARN_DEPRECATED_OBJC_IMPLEMENTATIONS = YES;
				CLANG_WARN_DIRECT_OBJC_ISA_USAGE = YES_ERROR;
				CLANG_WARN_DOCUMENTATION_COMMENTS = YES;
				CLANG_WARN_EMPTY_BODY = YES;
				CLANG_WARN_ENUM_CONVERSION = YES;
				CLANG_WARN_INFINITE_RECURSION = YES;
				CLANG_WARN_INT_CONVERSION = YES;
				CLANG_WARN_NON_LITERAL_NULL_CONVERSION = YES;
				CLANG_WARN_OBJC_IMPLICIT_RETAIN_SELF = YES;
				CLANG_WARN_OBJC_LITERAL_CONVERSION = YES;
				CLANG_WARN_OBJC_ROOT_CLASS = YES_ERROR;
				CLANG_WARN_QUOTED_INCLUDE_IN_FRAMEWORK_HEADER = YES;
				CLANG_WARN_RANGE_LOOP_ANALYSIS = YES;
				CLANG_WARN_STRICT_PROTOTYPES = YES;
				CLANG_WARN_SUSPICIOUS_MOVE = YES;
				CLANG_WARN_UNGUARDED_AVAILABILITY = YES_AGGRESSIVE;
				CLANG_WARN_UNREACHABLE_CODE = YES;
				CLANG_WARN__DUPLICATE_METHOD_MATCH = YES;
				COPY_PHASE_STRIP = NO;
				DEBUG_INFORMATION_FORMAT = dwarf;
				ENABLE_STRICT_OBJC_MSGSEND = YES;
				ENABLE_TESTABILITY = YES;
				GCC_C_LANGUAGE_STANDARD = gnu11;
				GCC_DYNAMIC_NO_PIC = NO;
				GCC_NO_COMMON_BLOCKS = YES;
				GCC_OPTIMIZATION_LEVEL = 0;
				GCC_PREPROCESSOR_DEFINITIONS = (
					"DEBUG=1",
					"$(inherited)",
				);
				GCC_WARN_64_TO_32_BIT_CONVERSION = YES;
				GCC_WARN_ABOUT_RETURN_TYPE = YES_ERROR;
				GCC_WARN_UNDECLARED_SELECTOR = YES;
				GCC_WARN_UNINITIALIZED_AUTOS = YES_AGGRESSIVE;
				GCC_WARN_UNUSED_FUNCTION = YES;
				GCC_WARN_UNUSED_VARIABLE = YES;
				IPHONEOS_DEPLOYMENT_TARGET = 14.0;
				MTL_ENABLE_DEBUG_INFO = INCLUDE_SOURCE;
				MTL_FAST_MATH = YES;
				ONLY_ACTIVE_ARCH = YES;
				SDKROOT = iphoneos;
				SWIFT_ACTIVE_COMPILATION_CONDITIONS = DEBUG;
				SWIFT_OPTIMIZATION_LEVEL = "-Onone";
			};
			name = Debug;
		};
		D7ABBB25251BBDA90063414D /* Release */ = {
			isa = XCBuildConfiguration;
			buildSettings = {
				ALWAYS_SEARCH_USER_PATHS = NO;
				CLANG_ANALYZER_NONNULL = YES;
				CLANG_ANALYZER_NUMBER_OBJECT_CONVERSION = YES_AGGRESSIVE;
				CLANG_CXX_LANGUAGE_STANDARD = "gnu++14";
				CLANG_CXX_LIBRARY = "libc++";
				CLANG_ENABLE_MODULES = YES;
				CLANG_ENABLE_OBJC_ARC = YES;
				CLANG_ENABLE_OBJC_WEAK = YES;
				CLANG_WARN_BLOCK_CAPTURE_AUTORELEASING = YES;
				CLANG_WARN_BOOL_CONVERSION = YES;
				CLANG_WARN_COMMA = YES;
				CLANG_WARN_CONSTANT_CONVERSION = YES;
				CLANG_WARN_DEPRECATED_OBJC_IMPLEMENTATIONS = YES;
				CLANG_WARN_DIRECT_OBJC_ISA_USAGE = YES_ERROR;
				CLANG_WARN_DOCUMENTATION_COMMENTS = YES;
				CLANG_WARN_EMPTY_BODY = YES;
				CLANG_WARN_ENUM_CONVERSION = YES;
				CLANG_WARN_INFINITE_RECURSION = YES;
				CLANG_WARN_INT_CONVERSION = YES;
				CLANG_WARN_NON_LITERAL_NULL_CONVERSION = YES;
				CLANG_WARN_OBJC_IMPLICIT_RETAIN_SELF = YES;
				CLANG_WARN_OBJC_LITERAL_CONVERSION = YES;
				CLANG_WARN_OBJC_ROOT_CLASS = YES_ERROR;
				CLANG_WARN_QUOTED_INCLUDE_IN_FRAMEWORK_HEADER = YES;
				CLANG_WARN_RANGE_LOOP_ANALYSIS = YES;
				CLANG_WARN_STRICT_PROTOTYPES = YES;
				CLANG_WARN_SUSPICIOUS_MOVE = YES;
				CLANG_WARN_UNGUARDED_AVAILABILITY = YES_AGGRESSIVE;
				CLANG_WARN_UNREACHABLE_CODE = YES;
				CLANG_WARN__DUPLICATE_METHOD_MATCH = YES;
				COPY_PHASE_STRIP = NO;
				DEBUG_INFORMATION_FORMAT = "dwarf-with-dsym";
				ENABLE_NS_ASSERTIONS = NO;
				ENABLE_STRICT_OBJC_MSGSEND = YES;
				GCC_C_LANGUAGE_STANDARD = gnu11;
				GCC_NO_COMMON_BLOCKS = YES;
				GCC_WARN_64_TO_32_BIT_CONVERSION = YES;
				GCC_WARN_ABOUT_RETURN_TYPE = YES_ERROR;
				GCC_WARN_UNDECLARED_SELECTOR = YES;
				GCC_WARN_UNINITIALIZED_AUTOS = YES_AGGRESSIVE;
				GCC_WARN_UNUSED_FUNCTION = YES;
				GCC_WARN_UNUSED_VARIABLE = YES;
				IPHONEOS_DEPLOYMENT_TARGET = 14.0;
				MTL_ENABLE_DEBUG_INFO = NO;
				MTL_FAST_MATH = YES;
				SDKROOT = iphoneos;
				SWIFT_COMPILATION_MODE = wholemodule;
				SWIFT_OPTIMIZATION_LEVEL = "-O";
				VALIDATE_PRODUCT = YES;
			};
			name = Release;
		};
		D7ABBB27251BBDA90063414D /* Debug */ = {
			isa = XCBuildConfiguration;
			buildSettings = {
				ASSETCATALOG_COMPILER_APPICON_NAME = AppIcon;
				ASSETCATALOG_COMPILER_GLOBAL_ACCENT_COLOR_NAME = AccentColor;
				CODE_SIGN_STYLE = Automatic;
				DEVELOPMENT_TEAM = UZSQ75SRGL;
				INFOPLIST_FILE = MDA_Game/Info.plist;
				LD_RUNPATH_SEARCH_PATHS = (
					"$(inherited)",
					"@executable_path/Frameworks",
				);
				PRODUCT_BUNDLE_IDENTIFIER = "Swift-Learn.MDA-Game";
				PRODUCT_NAME = "$(TARGET_NAME)";
				SWIFT_VERSION = 5.0;
				TARGETED_DEVICE_FAMILY = "1,2";
			};
			name = Debug;
		};
		D7ABBB28251BBDA90063414D /* Release */ = {
			isa = XCBuildConfiguration;
			buildSettings = {
				ASSETCATALOG_COMPILER_APPICON_NAME = AppIcon;
				ASSETCATALOG_COMPILER_GLOBAL_ACCENT_COLOR_NAME = AccentColor;
				CODE_SIGN_STYLE = Automatic;
				DEVELOPMENT_TEAM = UZSQ75SRGL;
				INFOPLIST_FILE = MDA_Game/Info.plist;
				LD_RUNPATH_SEARCH_PATHS = (
					"$(inherited)",
					"@executable_path/Frameworks",
				);
				PRODUCT_BUNDLE_IDENTIFIER = "Swift-Learn.MDA-Game";
				PRODUCT_NAME = "$(TARGET_NAME)";
				SWIFT_VERSION = 5.0;
				TARGETED_DEVICE_FAMILY = "1,2";
			};
			name = Release;
		};
/* End XCBuildConfiguration section */

/* Begin XCConfigurationList section */
		D7ABBB10251BBDA70063414D /* Build configuration list for PBXProject "MDA_Game" */ = {
			isa = XCConfigurationList;
			buildConfigurations = (
				D7ABBB24251BBDA90063414D /* Debug */,
				D7ABBB25251BBDA90063414D /* Release */,
			);
			defaultConfigurationIsVisible = 0;
			defaultConfigurationName = Release;
		};
		D7ABBB26251BBDA90063414D /* Build configuration list for PBXNativeTarget "MDA_Game" */ = {
			isa = XCConfigurationList;
			buildConfigurations = (
				D7ABBB27251BBDA90063414D /* Debug */,
				D7ABBB28251BBDA90063414D /* Release */,
			);
			defaultConfigurationIsVisible = 0;
			defaultConfigurationName = Release;
		};
/* End XCConfigurationList section */
	};
	rootObject = D7ABBB0D251BBDA70063414D /* Project object */;
}
